// !$*UTF8*$!
{
	archiveVersion = 1;
	classes = {
	};
	objectVersion = 50;
	objects = {

/* Begin PBXBuildFile section */
		BCB117762175150600E6AFB8 /* AppDelegate.swift in Sources */ = {isa = PBXBuildFile; fileRef = BCB117752175150600E6AFB8 /* AppDelegate.swift */; };
		BCB117782175150600E6AFB8 /* ViewController.swift in Sources */ = {isa = PBXBuildFile; fileRef = BCB117772175150600E6AFB8 /* ViewController.swift */; };
		BCB1177B2175150600E6AFB8 /* Main.storyboard in Resources */ = {isa = PBXBuildFile; fileRef = BCB117792175150600E6AFB8 /* Main.storyboard */; };
		BCB1177D2175150700E6AFB8 /* Assets.xcassets in Resources */ = {isa = PBXBuildFile; fileRef = BCB1177C2175150700E6AFB8 /* Assets.xcassets */; };
		BCB117802175150700E6AFB8 /* LaunchScreen.storyboard in Resources */ = {isa = PBXBuildFile; fileRef = BCB1177E2175150700E6AFB8 /* LaunchScreen.storyboard */; };
		BCB69DB12175173200A67965 /* SuggestionTextField.swift in Sources */ = {isa = PBXBuildFile; fileRef = BCB69DB02175173200A67965 /* SuggestionTextField.swift */; };
/* End PBXBuildFile section */

/* Begin PBXFileReference section */
		BCB117722175150600E6AFB8 /* AriseAppSuggestions.app */ = {isa = PBXFileReference; explicitFileType = wrapper.application; includeInIndex = 0; path = AriseAppSuggestions.app; sourceTree = BUILT_PRODUCTS_DIR; };
		BCB117752175150600E6AFB8 /* AppDelegate.swift */ = {isa = PBXFileReference; lastKnownFileType = sourcecode.swift; path = AppDelegate.swift; sourceTree = "<group>"; };
		BCB117772175150600E6AFB8 /* ViewController.swift */ = {isa = PBXFileReference; lastKnownFileType = sourcecode.swift; path = ViewController.swift; sourceTree = "<group>"; };
		BCB1177A2175150600E6AFB8 /* Base */ = {isa = PBXFileReference; lastKnownFileType = file.storyboard; name = Base; path = Base.lproj/Main.storyboard; sourceTree = "<group>"; };
		BCB1177C2175150700E6AFB8 /* Assets.xcassets */ = {isa = PBXFileReference; lastKnownFileType = folder.assetcatalog; path = Assets.xcassets; sourceTree = "<group>"; };
		BCB1177F2175150700E6AFB8 /* Base */ = {isa = PBXFileReference; lastKnownFileType = file.storyboard; name = Base; path = Base.lproj/LaunchScreen.storyboard; sourceTree = "<group>"; };
		BCB117812175150700E6AFB8 /* Info.plist */ = {isa = PBXFileReference; lastKnownFileType = text.plist.xml; path = Info.plist; sourceTree = "<group>"; };
		BCB69DB02175173200A67965 /* SuggestionTextField.swift */ = {isa = PBXFileReference; lastKnownFileType = sourcecode.swift; path = SuggestionTextField.swift; sourceTree = "<group>"; };
/* End PBXFileReference section */

/* Begin PBXFrameworksBuildPhase section */
		BCB1176F2175150600E6AFB8 /* Frameworks */ = {
			isa = PBXFrameworksBuildPhase;
			buildActionMask = 2147483647;
			files = (
			);
			runOnlyForDeploymentPostprocessing = 0;
		};
/* End PBXFrameworksBuildPhase section */

/* Begin PBXGroup section */
		BCB117692175150600E6AFB8 = {
			isa = PBXGroup;
			children = (
				BCB117742175150600E6AFB8 /* AriseAppSuggestions */,
				BCB117732175150600E6AFB8 /* Products */,
			);
			sourceTree = "<group>";
		};
		BCB117732175150600E6AFB8 /* Products */ = {
			isa = PBXGroup;
			children = (
				BCB117722175150600E6AFB8 /* AriseAppSuggestions.app */,
			);
			name = Products;
			sourceTree = "<group>";
		};
		BCB117742175150600E6AFB8 /* AriseAppSuggestions */ = {
			isa = PBXGroup;
			children = (
				BCB69DAF217516F100A67965 /* input */,
				BCB117752175150600E6AFB8 /* AppDelegate.swift */,
				BCB117772175150600E6AFB8 /* ViewController.swift */,
				BCB117792175150600E6AFB8 /* Main.storyboard */,
				BCB1177C2175150700E6AFB8 /* Assets.xcassets */,
				BCB1177E2175150700E6AFB8 /* LaunchScreen.storyboard */,
				BCB117812175150700E6AFB8 /* Info.plist */,
			);
			path = AriseAppSuggestions;
			sourceTree = "<group>";
		};
		BCB69DAF217516F100A67965 /* input */ = {
			isa = PBXGroup;
			children = (
				BCB69DB02175173200A67965 /* SuggestionTextField.swift */,
			);
			path = input;
			sourceTree = "<group>";
		};
/* End PBXGroup section */

/* Begin PBXNativeTarget section */
		BCB117712175150600E6AFB8 /* AriseAppSuggestions */ = {
			isa = PBXNativeTarget;
			buildConfigurationList = BCB117842175150700E6AFB8 /* Build configuration list for PBXNativeTarget "AriseAppSuggestions" */;
			buildPhases = (
				BCB1176E2175150600E6AFB8 /* Sources */,
				BCB1176F2175150600E6AFB8 /* Frameworks */,
				BCB117702175150600E6AFB8 /* Resources */,
			);
			buildRules = (
			);
			dependencies = (
			);
			name = AriseAppSuggestions;
			productName = AriseAppSuggestions;
			productReference = BCB117722175150600E6AFB8 /* AriseAppSuggestions.app */;
			productType = "com.apple.product-type.application";
		};
/* End PBXNativeTarget section */

/* Begin PBXProject section */
		BCB1176A2175150600E6AFB8 /* Project object */ = {
			isa = PBXProject;
			attributes = {
				LastSwiftUpdateCheck = 1000;
				LastUpgradeCheck = 1000;
				ORGANIZATIONNAME = "Marcin Łępicki";
				TargetAttributes = {
					BCB117712175150600E6AFB8 = {
						CreatedOnToolsVersion = 10.0;
					};
				};
			};
			buildConfigurationList = BCB1176D2175150600E6AFB8 /* Build configuration list for PBXProject "AriseAppSuggestions" */;
			compatibilityVersion = "Xcode 9.3";
			developmentRegion = en;
			hasScannedForEncodings = 0;
			knownRegions = (
				en,
				Base,
			);
			mainGroup = BCB117692175150600E6AFB8;
			productRefGroup = BCB117732175150600E6AFB8 /* Products */;
			projectDirPath = "";
			projectRoot = "";
			targets = (
				BCB117712175150600E6AFB8 /* AriseAppSuggestions */,
			);
		};
/* End PBXProject section */

/* Begin PBXResourcesBuildPhase section */
		BCB117702175150600E6AFB8 /* Resources */ = {
			isa = PBXResourcesBuildPhase;
			buildActionMask = 2147483647;
			files = (
				BCB117802175150700E6AFB8 /* LaunchScreen.storyboard in Resources */,
				BCB1177D2175150700E6AFB8 /* Assets.xcassets in Resources */,
				BCB1177B2175150600E6AFB8 /* Main.storyboard in Resources */,
			);
			runOnlyForDeploymentPostprocessing = 0;
		};
/* End PBXResourcesBuildPhase section */

/* Begin PBXSourcesBuildPhase section */
		BCB1176E2175150600E6AFB8 /* Sources */ = {
			isa = PBXSourcesBuildPhase;
			buildActionMask = 2147483647;
			files = (
				BCB117782175150600E6AFB8 /* ViewController.swift in Sources */,
				BCB117762175150600E6AFB8 /* AppDelegate.swift in Sources */,
				BCB69DB12175173200A67965 /* SuggestionTextField.swift in Sources */,
			);
			runOnlyForDeploymentPostprocessing = 0;
		};
/* End PBXSourcesBuildPhase section */

/* Begin PBXVariantGroup section */
		BCB117792175150600E6AFB8 /* Main.storyboard */ = {
			isa = PBXVariantGroup;
			children = (
				BCB1177A2175150600E6AFB8 /* Base */,
			);
			name = Main.storyboard;
			sourceTree = "<group>";
		};
		BCB1177E2175150700E6AFB8 /* LaunchScreen.storyboard */ = {
			isa = PBXVariantGroup;
			children = (
				BCB1177F2175150700E6AFB8 /* Base */,
			);
			name = LaunchScreen.storyboard;
			sourceTree = "<group>";
		};
/* End PBXVariantGroup section */

/* Begin XCBuildConfiguration section */
		BCB117822175150700E6AFB8 /* Debug */ = {
			isa = XCBuildConfiguration;
			buildSettings = {
				ALWAYS_SEARCH_USER_PATHS = NO;
				CLANG_ANALYZER_NONNULL = YES;
				CLANG_ANALYZER_NUMBER_OBJECT_CONVERSION = YES_AGGRESSIVE;
				CLANG_CXX_LANGUAGE_STANDARD = "gnu++14";
				CLANG_CXX_LIBRARY = "libc++";
				CLANG_ENABLE_MODULES = YES;
				CLANG_ENABLE_OBJC_ARC = YES;
				CLANG_ENABLE_OBJC_WEAK = YES;
				CLANG_WARN_BLOCK_CAPTURE_AUTORELEASING = YES;
				CLANG_WARN_BOOL_CONVERSION = YES;
				CLANG_WARN_COMMA = YES;
				CLANG_WARN_CONSTANT_CONVERSION = YES;
				CLANG_WARN_DEPRECATED_OBJC_IMPLEMENTATIONS = YES;
				CLANG_WARN_DIRECT_OBJC_ISA_USAGE = YES_ERROR;
				CLANG_WARN_DOCUMENTATION_COMMENTS = YES;
				CLANG_WARN_EMPTY_BODY = YES;
				CLANG_WARN_ENUM_CONVERSION = YES;
				CLANG_WARN_INFINITE_RECURSION = YES;
				CLANG_WARN_INT_CONVERSION = YES;
				CLANG_WARN_NON_LITERAL_NULL_CONVERSION = YES;
				CLANG_WARN_OBJC_IMPLICIT_RETAIN_SELF = YES;
				CLANG_WARN_OBJC_LITERAL_CONVERSION = YES;
				CLANG_WARN_OBJC_ROOT_CLASS = YES_ERROR;
				CLANG_WARN_RANGE_LOOP_ANALYSIS = YES;
				CLANG_WARN_STRICT_PROTOTYPES = YES;
				CLANG_WARN_SUSPICIOUS_MOVE = YES;
				CLANG_WARN_UNGUARDED_AVAILABILITY = YES_AGGRESSIVE;
				CLANG_WARN_UNREACHABLE_CODE = YES;
				CLANG_WARN__DUPLICATE_METHOD_MATCH = YES;
				CODE_SIGN_IDENTITY = "iPhone Developer";
				COPY_PHASE_STRIP = NO;
				DEBUG_INFORMATION_FORMAT = dwarf;
				ENABLE_STRICT_OBJC_MSGSEND = YES;
				ENABLE_TESTABILITY = YES;
				GCC_C_LANGUAGE_STANDARD = gnu11;
				GCC_DYNAMIC_NO_PIC = NO;
				GCC_NO_COMMON_BLOCKS = YES;
				GCC_OPTIMIZATION_LEVEL = 0;
				GCC_PREPROCESSOR_DEFINITIONS = (
					"DEBUG=1",
					"$(inherited)",
				);
				GCC_WARN_64_TO_32_BIT_CONVERSION = YES;
				GCC_WARN_ABOUT_RETURN_TYPE = YES_ERROR;
				GCC_WARN_UNDECLARED_SELECTOR = YES;
				GCC_WARN_UNINITIALIZED_AUTOS = YES_AGGRESSIVE;
				GCC_WARN_UNUSED_FUNCTION = YES;
				GCC_WARN_UNUSED_VARIABLE = YES;
				IPHONEOS_DEPLOYMENT_TARGET = 12.0;
				MTL_ENABLE_DEBUG_INFO = INCLUDE_SOURCE;
				MTL_FAST_MATH = YES;
				ONLY_ACTIVE_ARCH = YES;
				SDKROOT = iphoneos;
				SWIFT_ACTIVE_COMPILATION_CONDITIONS = DEBUG;
				SWIFT_OPTIMIZATION_LEVEL = "-Onone";
			};
			name = Debug;
		};
		BCB117832175150700E6AFB8 /* Release */ = {
			isa = XCBuildConfiguration;
			buildSettings = {
				ALWAYS_SEARCH_USER_PATHS = NO;
				CLANG_ANALYZER_NONNULL = YES;
				CLANG_ANALYZER_NUMBER_OBJECT_CONVERSION = YES_AGGRESSIVE;
				CLANG_CXX_LANGUAGE_STANDARD = "gnu++14";
				CLANG_CXX_LIBRARY = "libc++";
				CLANG_ENABLE_MODULES = YES;
				CLANG_ENABLE_OBJC_ARC = YES;
				CLANG_ENABLE_OBJC_WEAK = YES;
				CLANG_WARN_BLOCK_CAPTURE_AUTORELEASING = YES;
				CLANG_WARN_BOOL_CONVERSION = YES;
				CLANG_WARN_COMMA = YES;
				CLANG_WARN_CONSTANT_CONVERSION = YES;
				CLANG_WARN_DEPRECATED_OBJC_IMPLEMENTATIONS = YES;
				CLANG_WARN_DIRECT_OBJC_ISA_USAGE = YES_ERROR;
				CLANG_WARN_DOCUMENTATION_COMMENTS = YES;
				CLANG_WARN_EMPTY_BODY = YES;
				CLANG_WARN_ENUM_CONVERSION = YES;
				CLANG_WARN_INFINITE_RECURSION = YES;
				CLANG_WARN_INT_CONVERSION = YES;
				CLANG_WARN_NON_LITERAL_NULL_CONVERSION = YES;
				CLANG_WARN_OBJC_IMPLICIT_RETAIN_SELF = YES;
				CLANG_WARN_OBJC_LITERAL_CONVERSION = YES;
				CLANG_WARN_OBJC_ROOT_CLASS = YES_ERROR;
				CLANG_WARN_RANGE_LOOP_ANALYSIS = YES;
				CLANG_WARN_STRICT_PROTOTYPES = YES;
				CLANG_WARN_SUSPICIOUS_MOVE = YES;
				CLANG_WARN_UNGUARDED_AVAILABILITY = YES_AGGRESSIVE;
				CLANG_WARN_UNREACHABLE_CODE = YES;
				CLANG_WARN__DUPLICATE_METHOD_MATCH = YES;
				CODE_SIGN_IDENTITY = "iPhone Developer";
				COPY_PHASE_STRIP = NO;
				DEBUG_INFORMATION_FORMAT = "dwarf-with-dsym";
				ENABLE_NS_ASSERTIONS = NO;
				ENABLE_STRICT_OBJC_MSGSEND = YES;
				GCC_C_LANGUAGE_STANDARD = gnu11;
				GCC_NO_COMMON_BLOCKS = YES;
				GCC_WARN_64_TO_32_BIT_CONVERSION = YES;
				GCC_WARN_ABOUT_RETURN_TYPE = YES_ERROR;
				GCC_WARN_UNDECLARED_SELECTOR = YES;
				GCC_WARN_UNINITIALIZED_AUTOS = YES_AGGRESSIVE;
				GCC_WARN_UNUSED_FUNCTION = YES;
				GCC_WARN_UNUSED_VARIABLE = YES;
				IPHONEOS_DEPLOYMENT_TARGET = 12.0;
				MTL_ENABLE_DEBUG_INFO = NO;
				MTL_FAST_MATH = YES;
				SDKROOT = iphoneos;
				SWIFT_COMPILATION_MODE = wholemodule;
				SWIFT_OPTIMIZATION_LEVEL = "-O";
				VALIDATE_PRODUCT = YES;
			};
			name = Release;
		};
		BCB117852175150700E6AFB8 /* Debug */ = {
			isa = XCBuildConfiguration;
			buildSettings = {
				ASSETCATALOG_COMPILER_APPICON_NAME = AppIcon;
				CODE_SIGN_STYLE = Automatic;
				DEVELOPMENT_TEAM = D43WT9A9F2;
				INFOPLIST_FILE = AriseAppSuggestions/Info.plist;
				LD_RUNPATH_SEARCH_PATHS = (
					"$(inherited)",
					"@executable_path/Frameworks",
				);
				PRODUCT_BUNDLE_IDENTIFIER = com.mlepicki.AriseAppSuggestions;
				PRODUCT_NAME = "$(TARGET_NAME)";
				SWIFT_VERSION = 4.2;
				TARGETED_DEVICE_FAMILY = "1,2";
			};
			name = Debug;
		};
		BCB117862175150700E6AFB8 /* Release */ = {
			isa = XCBuildConfiguration;
			buildSettings = {
				ASSETCATALOG_COMPILER_APPICON_NAME = AppIcon;
				CODE_SIGN_STYLE = Automatic;
				DEVELOPMENT_TEAM = D43WT9A9F2;
				INFOPLIST_FILE = AriseAppSuggestions/Info.plist;
				LD_RUNPATH_SEARCH_PATHS = (
					"$(inherited)",
					"@executable_path/Frameworks",
				);
				PRODUCT_BUNDLE_IDENTIFIER = com.mlepicki.AriseAppSuggestions;
				PRODUCT_NAME = "$(TARGET_NAME)";
				SWIFT_VERSION = 4.2;
				TARGETED_DEVICE_FAMILY = "1,2";
			};
			name = Release;
		};
/* End XCBuildConfiguration section */

/* Begin XCConfigurationList section */
		BCB1176D2175150600E6AFB8 /* Build configuration list for PBXProject "AriseAppSuggestions" */ = {
			isa = XCConfigurationList;
			buildConfigurations = (
				BCB117822175150700E6AFB8 /* Debug */,
				BCB117832175150700E6AFB8 /* Release */,
			);
			defaultConfigurationIsVisible = 0;
			defaultConfigurationName = Release;
		};
		BCB117842175150700E6AFB8 /* Build configuration list for PBXNativeTarget "AriseAppSuggestions" */ = {
			isa = XCConfigurationList;
			buildConfigurations = (
				BCB117852175150700E6AFB8 /* Debug */,
				BCB117862175150700E6AFB8 /* Release */,
			);
			defaultConfigurationIsVisible = 0;
			defaultConfigurationName = Release;
		};
/* End XCConfigurationList section */
	};
	rootObject = BCB1176A2175150600E6AFB8 /* Project object */;
}
